
Microsoft Visual Studio Solution File, Format Version 12.00
# Visual Studio Version 17
VisualStudioVersion = 17.3.32811.315
MinimumVisualStudioVersion = 10.0.40219.1
Project("{2150E333-8FDC-42A3-9474-1A3956D46DE8}") = "NET6.0", "NET6.0", "{BC403A95-AF71-4A04-8EA9-5F4C78E7B7F6}"
EndProject
Project("{2150E333-8FDC-42A3-9474-1A3956D46DE8}") = "FrontEnd", "FrontEnd", "{2A597872-8DDB-4884-A018-B5A3A28111BB}"
EndProject
Project("{2150E333-8FDC-42A3-9474-1A3956D46DE8}") = "Services", "Services", "{B7182A0D-AADB-4F2D-9AFB-5DE998BFDF99}"
EndProject
Project("{2150E333-8FDC-42A3-9474-1A3956D46DE8}") = "NET Core 3.1", "NET Core 3.1", "{8D423BBB-21D9-40D7-9C7F-DD4744A5142D}"
EndProject
Project("{2150E333-8FDC-42A3-9474-1A3956D46DE8}") = "FrontEnd", "FrontEnd", "{4E2DCE04-94AA-4E09-92A5-5534AE79EFE0}"
EndProject
Project("{2150E333-8FDC-42A3-9474-1A3956D46DE8}") = "Services", "Services", "{44CE562B-F656-4B86-B927-21B46B0D0EEC}"
EndProject
Project("{9A19103F-16F7-4668-BE54-9A1E7A4F7556}") = "OnlineShop.WebApp", "NetCore3.1\FrontEnd\OnlineShop.WebApp\OnlineShop.WebApp.csproj", "{FB8FF92A-236B-41B6-9A12-7E2CC050D28D}"
EndProject
Project("{9A19103F-16F7-4668-BE54-9A1E7A4F7556}") = "OnlineShop.Db", "NetCore3.1\Services\OnlineShop.Db\OnlineShop.Db.csproj", "{DB9A858C-026F-49D5-A1AF-04B995CB052C}"
EndProject
Project("{9A19103F-16F7-4668-BE54-9A1E7A4F7556}") = "OnlineShop.WebApp", "NET6.0\FrontEnd\OnlineShop.WebApp\OnlineShop.WebApp.csproj", "{B15B89CE-07BC-470D-B160-99C5B2F9F2D6}"
EndProject
Project("{9A19103F-16F7-4668-BE54-9A1E7A4F7556}") = "OnlineShop.Services.ProductAPI", "NET6.0\Services\OnlineShop.Services.ProductAPI\OnlineShop.Services.ProductAPI.csproj", "{C7E6BB72-4FBD-4310-9CC2-70C247431782}"
EndProject
Project("{FAE04EC0-301F-11D3-BF4B-00C04F79EFBC}") = "OnlineShop.Services.ProductAPI", "NetCore3.1\Services\OnlineShop.Services.ProductAPI\OnlineShop.Services.ProductAPI.csproj", "{66E604AE-C295-48A6-AA83-7960CAB0FA51}"
EndProject
Global
	GlobalSection(SolutionConfigurationPlatforms) = preSolution
		Debug|Any CPU = Debug|Any CPU
		Release|Any CPU = Release|Any CPU
	EndGlobalSection
	GlobalSection(ProjectConfigurationPlatforms) = postSolution
		{FB8FF92A-236B-41B6-9A12-7E2CC050D28D}.Debug|Any CPU.ActiveCfg = Debug|Any CPU
		{FB8FF92A-236B-41B6-9A12-7E2CC050D28D}.Debug|Any CPU.Build.0 = Debug|Any CPU
		{FB8FF92A-236B-41B6-9A12-7E2CC050D28D}.Release|Any CPU.ActiveCfg = Release|Any CPU
		{FB8FF92A-236B-41B6-9A12-7E2CC050D28D}.Release|Any CPU.Build.0 = Release|Any CPU
		{DB9A858C-026F-49D5-A1AF-04B995CB052C}.Debug|Any CPU.ActiveCfg = Debug|Any CPU
		{DB9A858C-026F-49D5-A1AF-04B995CB052C}.Debug|Any CPU.Build.0 = Debug|Any CPU
		{DB9A858C-026F-49D5-A1AF-04B995CB052C}.Release|Any CPU.ActiveCfg = Release|Any CPU
		{DB9A858C-026F-49D5-A1AF-04B995CB052C}.Release|Any CPU.Build.0 = Release|Any CPU
		{B15B89CE-07BC-470D-B160-99C5B2F9F2D6}.Debug|Any CPU.ActiveCfg = Debug|Any CPU
		{B15B89CE-07BC-470D-B160-99C5B2F9F2D6}.Debug|Any CPU.Build.0 = Debug|Any CPU
		{B15B89CE-07BC-470D-B160-99C5B2F9F2D6}.Release|Any CPU.ActiveCfg = Release|Any CPU
		{B15B89CE-07BC-470D-B160-99C5B2F9F2D6}.Release|Any CPU.Build.0 = Release|Any CPU
		{C7E6BB72-4FBD-4310-9CC2-70C247431782}.Debug|Any CPU.ActiveCfg = Debug|Any CPU
		{C7E6BB72-4FBD-4310-9CC2-70C247431782}.Debug|Any CPU.Build.0 = Debug|Any CPU
		{C7E6BB72-4FBD-4310-9CC2-70C247431782}.Release|Any CPU.ActiveCfg = Release|Any CPU
		{C7E6BB72-4FBD-4310-9CC2-70C247431782}.Release|Any CPU.Build.0 = Release|Any CPU
		{66E604AE-C295-48A6-AA83-7960CAB0FA51}.Debug|Any CPU.ActiveCfg = Debug|Any CPU
		{66E604AE-C295-48A6-AA83-7960CAB0FA51}.Debug|Any CPU.Build.0 = Debug|Any CPU
		{66E604AE-C295-48A6-AA83-7960CAB0FA51}.Release|Any CPU.ActiveCfg = Release|Any CPU
		{66E604AE-C295-48A6-AA83-7960CAB0FA51}.Release|Any CPU.Build.0 = Release|Any CPU
	EndGlobalSection
	GlobalSection(SolutionProperties) = preSolution
		HideSolutionNode = FALSE
	EndGlobalSection
	GlobalSection(NestedProjects) = preSolution
		{2A597872-8DDB-4884-A018-B5A3A28111BB} = {BC403A95-AF71-4A04-8EA9-5F4C78E7B7F6}
		{B7182A0D-AADB-4F2D-9AFB-5DE998BFDF99} = {BC403A95-AF71-4A04-8EA9-5F4C78E7B7F6}
		{4E2DCE04-94AA-4E09-92A5-5534AE79EFE0} = {8D423BBB-21D9-40D7-9C7F-DD4744A5142D}
		{44CE562B-F656-4B86-B927-21B46B0D0EEC} = {8D423BBB-21D9-40D7-9C7F-DD4744A5142D}
		{FB8FF92A-236B-41B6-9A12-7E2CC050D28D} = {4E2DCE04-94AA-4E09-92A5-5534AE79EFE0}
		{DB9A858C-026F-49D5-A1AF-04B995CB052C} = {44CE562B-F656-4B86-B927-21B46B0D0EEC}
		{B15B89CE-07BC-470D-B160-99C5B2F9F2D6} = {2A597872-8DDB-4884-A018-B5A3A28111BB}
		{C7E6BB72-4FBD-4310-9CC2-70C247431782} = {B7182A0D-AADB-4F2D-9AFB-5DE998BFDF99}
		{66E604AE-C295-48A6-AA83-7960CAB0FA51} = {44CE562B-F656-4B86-B927-21B46B0D0EEC}
	EndGlobalSection
	GlobalSection(ExtensibilityGlobals) = postSolution
		SolutionGuid = {86989253-A6F3-4BA9-96EB-056130743632}
	EndGlobalSection
EndGlobal
