
Microsoft Visual Studio Solution File, Format Version 12.00
# Visual Studio Version 17
VisualStudioVersion = 17.3.32811.315
MinimumVisualStudioVersion = 10.0.40219.1
Project("{9A19103F-16F7-4668-BE54-9A1E7A4F7556}") = "OnlineShopWebApp", "OnlineShopWebApp\OnlineShopWebApp.csproj", "{CC90DC67-CCA7-42A8-A410-07F265F4681B}"
EndProject
Project("{9A19103F-16F7-4668-BE54-9A1E7A4F7556}") = "OnlineShop.Db", "OnlineShop.Db\OnlineShop.Db.csproj", "{440592D0-186A-4FB0-A35E-34213E2C0FB3}"
EndProject
Project("{2150E333-8FDC-42A3-9474-1A3956D46DE8}") = "NET6.0", "NET6.0", "{BC403A95-AF71-4A04-8EA9-5F4C78E7B7F6}"
EndProject
Project("{2150E333-8FDC-42A3-9474-1A3956D46DE8}") = "FrontEnd", "FrontEnd", "{2A597872-8DDB-4884-A018-B5A3A28111BB}"
EndProject
Project("{FAE04EC0-301F-11D3-BF4B-00C04F79EFBC}") = "OnlineShop.Web", "Shop.Web\OnlineShop.Web.csproj", "{614BEA7D-2A08-4B6D-A7C4-F2919C9AA255}"
EndProject
Project("{2150E333-8FDC-42A3-9474-1A3956D46DE8}") = "Services", "Services", "{B7182A0D-AADB-4F2D-9AFB-5DE998BFDF99}"
EndProject
Project("{FAE04EC0-301F-11D3-BF4B-00C04F79EFBC}") = "OnlineShop.Services.ProductAPI", "OnlineShop.Services.ProductAPI\OnlineShop.Services.ProductAPI.csproj", "{70A42136-0973-4353-B8A9-D65B55E4A053}"
EndProject
Global
	GlobalSection(SolutionConfigurationPlatforms) = preSolution
		Debug|Any CPU = Debug|Any CPU
		Release|Any CPU = Release|Any CPU
	EndGlobalSection
	GlobalSection(ProjectConfigurationPlatforms) = postSolution
		{CC90DC67-CCA7-42A8-A410-07F265F4681B}.Debug|Any CPU.ActiveCfg = Debug|Any CPU
		{CC90DC67-CCA7-42A8-A410-07F265F4681B}.Debug|Any CPU.Build.0 = Debug|Any CPU
		{CC90DC67-CCA7-42A8-A410-07F265F4681B}.Release|Any CPU.ActiveCfg = Release|Any CPU
		{CC90DC67-CCA7-42A8-A410-07F265F4681B}.Release|Any CPU.Build.0 = Release|Any CPU
		{440592D0-186A-4FB0-A35E-34213E2C0FB3}.Debug|Any CPU.ActiveCfg = Debug|Any CPU
		{440592D0-186A-4FB0-A35E-34213E2C0FB3}.Debug|Any CPU.Build.0 = Debug|Any CPU
		{440592D0-186A-4FB0-A35E-34213E2C0FB3}.Release|Any CPU.ActiveCfg = Release|Any CPU
		{440592D0-186A-4FB0-A35E-34213E2C0FB3}.Release|Any CPU.Build.0 = Release|Any CPU
		{614BEA7D-2A08-4B6D-A7C4-F2919C9AA255}.Debug|Any CPU.ActiveCfg = Debug|Any CPU
		{614BEA7D-2A08-4B6D-A7C4-F2919C9AA255}.Debug|Any CPU.Build.0 = Debug|Any CPU
		{614BEA7D-2A08-4B6D-A7C4-F2919C9AA255}.Release|Any CPU.ActiveCfg = Release|Any CPU
		{614BEA7D-2A08-4B6D-A7C4-F2919C9AA255}.Release|Any CPU.Build.0 = Release|Any CPU
		{70A42136-0973-4353-B8A9-D65B55E4A053}.Debug|Any CPU.ActiveCfg = Debug|Any CPU
		{70A42136-0973-4353-B8A9-D65B55E4A053}.Debug|Any CPU.Build.0 = Debug|Any CPU
		{70A42136-0973-4353-B8A9-D65B55E4A053}.Release|Any CPU.ActiveCfg = Release|Any CPU
		{70A42136-0973-4353-B8A9-D65B55E4A053}.Release|Any CPU.Build.0 = Release|Any CPU
	EndGlobalSection
	GlobalSection(SolutionProperties) = preSolution
		HideSolutionNode = FALSE
	EndGlobalSection
	GlobalSection(NestedProjects) = preSolution
		{2A597872-8DDB-4884-A018-B5A3A28111BB} = {BC403A95-AF71-4A04-8EA9-5F4C78E7B7F6}
		{614BEA7D-2A08-4B6D-A7C4-F2919C9AA255} = {2A597872-8DDB-4884-A018-B5A3A28111BB}
		{B7182A0D-AADB-4F2D-9AFB-5DE998BFDF99} = {BC403A95-AF71-4A04-8EA9-5F4C78E7B7F6}
		{70A42136-0973-4353-B8A9-D65B55E4A053} = {B7182A0D-AADB-4F2D-9AFB-5DE998BFDF99}
	EndGlobalSection
	GlobalSection(ExtensibilityGlobals) = postSolution
		SolutionGuid = {86989253-A6F3-4BA9-96EB-056130743632}
	EndGlobalSection
EndGlobal
